
Microsoft Visual Studio Solution File, Format Version 12.00
# Visual Studio Version 17
VisualStudioVersion = 17.5.33530.505
MinimumVisualStudioVersion = 10.0.40219.1
Project("{FAE04EC0-301F-11D3-BF4B-00C04F79EFBC}") = "MonkeyJungle", "MonkeyJungle.csproj", "{EA774779-F6D9-4213-B2B9-BF10DB64176D}"
EndProject
Global
	GlobalSection(SolutionConfigurationPlatforms) = preSolution
		Debug|Any CPU = Debug|Any CPU
		Release|Any CPU = Release|Any CPU
	EndGlobalSection
	GlobalSection(ProjectConfigurationPlatforms) = postSolution
		{EA774779-F6D9-4213-B2B9-BF10DB64176D}.Debug|Any CPU.ActiveCfg = Debug|Any CPU
		{EA774779-F6D9-4213-B2B9-BF10DB64176D}.Debug|Any CPU.Build.0 = Debug|Any CPU
		{EA774779-F6D9-4213-B2B9-BF10DB64176D}.Release|Any CPU.ActiveCfg = Release|Any CPU
		{EA774779-F6D9-4213-B2B9-BF10DB64176D}.Release|Any CPU.Build.0 = Release|Any CPU
	EndGlobalSection
	GlobalSection(SolutionProperties) = preSolution
		HideSolutionNode = FALSE
	EndGlobalSection
	GlobalSection(ExtensibilityGlobals) = postSolution
		SolutionGuid = {4D0F9326-53EE-4253-90F1-C2B3470197BF}
	EndGlobalSection
EndGlobal
